<?xml version="1.0" encoding="utf-8"?>
<Project ToolsVersion="4.0" xmlns="http://schemas.microsoft.com/developer/msbuild/2003">
  <ItemGroup>
    <Filter Include="Source Files">
      <UniqueIdentifier>{4FC737F1-C7A5-4376-A066-2A32D752A2FF}</UniqueIdentifier>
      <Extensions>cpp;c;cc;cxx;def;odl;idl;hpj;bat;asm;asmx</Extensions>
    </Filter>
    <Filter Include="Header Files">
      <UniqueIdentifier>{93995380-89BD-4b04-88EB-625FBE52EBFB}</UniqueIdentifier>
      <Extensions>h;hh;hpp;hxx;hm;inl;inc;xsd</Extensions>
    </Filter>
    <Filter Include="Resource Files">
      <UniqueIdentifier>{67DA6AB6-F800-4c08-8B7A-83BB121AAD01}</UniqueIdentifier>
      <Extensions>rc;ico;cur;bmp;dlg;rc2;rct;bin;rgs;gif;jpg;jpeg;jpe;resx;tiff;tif;png;wav</Extensions>
    </Filter>
  </ItemGroup>
  <ItemGroup>
    <ClCompile Include="..\nl_factory.cpp">
      <Filter>Source Files</Filter>
    </ClCompile>
    <ClCompile Include="..\nl_parser.cpp">
      <Filter>Source Files</Filter>
    </ClCompile>
    <ClCompile Include="..\nl_base.cpp">
      <Filter>Source Files</Filter>
    </ClCompile>
    <ClCompile Include="..\nl_setup.cpp">
      <Filter>Source Files</Filter>
    </ClCompile>
    <ClCompile Include="..\plib\pfunction.cpp">
      <Filter>Source Files</Filter>
    </ClCompile>
    <ClCompile Include="..\plib\pmain.cpp">
      <Filter>Source Files</Filter>
    </ClCompile>
    <ClCompile Include="..\plib\pstring.cpp">
      <Filter>Source Files</Filter>
    </ClCompile>
    <ClCompile Include="..\plib\poptions.cpp">
      <Filter>Source Files</Filter>
    </ClCompile>
    <ClCompile Include="..\plib\pfmtlog.cpp">
      <Filter>Source Files</Filter>
    </ClCompile>
    <ClCompile Include="..\plib\pexception.cpp">
      <Filter>Source Files</Filter>
    </ClCompile>
    <ClCompile Include="..\plib\putil.cpp">
      <Filter>Source Files</Filter>
    </ClCompile>
    <ClCompile Include="..\plib\pdynlib.cpp">
      <Filter>Source Files</Filter>
    </ClCompile>
    <ClCompile Include="..\analog\nlid_fourterm.cpp">
      <Filter>Source Files</Filter>
    </ClCompile>
    <ClCompile Include="..\analog\nld_bjt.cpp">
      <Filter>Source Files</Filter>
    </ClCompile>
    <ClCompile Include="..\analog\nld_opamps.cpp">
      <Filter>Source Files</Filter>
    </ClCompile>
    <ClCompile Include="..\analog\nld_switches.cpp">
      <Filter>Source Files</Filter>
    </ClCompile>
    <ClCompile Include="..\analog\nlid_twoterm.cpp">
      <Filter>Source Files</Filter>
    </ClCompile>
    <ClCompile Include="..\solver\nld_solver.cpp">
      <Filter>Source Files</Filter>
    </ClCompile>
    <ClCompile Include="..\solver\nld_matrix_solver.cpp">
      <Filter>Source Files</Filter>
    </ClCompile>
    <ClCompile Include="..\tools\nl_convert.cpp">
      <Filter>Source Files</Filter>
    </ClCompile>
    <ClCompile Include="..\macro\nlm_cd4xxx.cpp">
      <Filter>Source Files</Filter>
    </ClCompile>
    <ClCompile Include="..\macro\nlm_ttl74xx.cpp">
      <Filter>Source Files</Filter>
    </ClCompile>
    <ClCompile Include="..\macro\nlm_other.cpp">
      <Filter>Source Files</Filter>
    </ClCompile>
    <ClCompile Include="..\macro\nlm_opamp.cpp">
      <Filter>Source Files</Filter>
    </ClCompile>
    <ClCompile Include="..\macro\nlm_base.cpp">
      <Filter>Source Files</Filter>
    </ClCompile>
    <ClCompile Include="..\devices\nld_74ls629.cpp">
      <Filter>Source Files</Filter>
    </ClCompile>
    <ClCompile Include="..\devices\nld_74194.cpp">
      <Filter>Source Files</Filter>
    </ClCompile>
    <ClCompile Include="..\devices\nlid_proxy.cpp">
      <Filter>Source Files</Filter>
    </ClCompile>
    <ClCompile Include="..\devices\nld_7483.cpp">
      <Filter>Source Files</Filter>
    </ClCompile>
    <ClCompile Include="..\devices\nld_82S115.cpp">
      <Filter>Source Files</Filter>
    </ClCompile>
    <ClCompile Include="..\devices\nld_4020.cpp">
      <Filter>Source Files</Filter>
    </ClCompile>
    <ClCompile Include="..\devices\nld_7450.cpp">
      <Filter>Source Files</Filter>
    </ClCompile>
    <ClCompile Include="..\devices\nld_74107.cpp">
      <Filter>Source Files</Filter>
    </ClCompile>
    <ClCompile Include="..\devices\nld_am2847.cpp">
      <Filter>Source Files</Filter>
    </ClCompile>
    <ClCompile Include="..\devices\nld_mm5837.cpp">
      <Filter>Source Files</Filter>
    </ClCompile>
    <ClCompile Include="..\devices\net_lib.cpp">
      <Filter>Source Files</Filter>
    </ClCompile>
    <ClCompile Include="..\devices\nld_r2r_dac.cpp">
      <Filter>Source Files</Filter>
    </ClCompile>
    <ClCompile Include="..\devices\nld_74175.cpp">
      <Filter>Source Files</Filter>
    </ClCompile>
    <ClCompile Include="..\devices\nld_log.cpp">
      <Filter>Source Files</Filter>
    </ClCompile>
    <ClCompile Include="..\devices\nld_9316.cpp">
      <Filter>Source Files</Filter>
    </ClCompile>
    <ClCompile Include="..\devices\nld_7448.cpp">
      <Filter>Source Files</Filter>
    </ClCompile>
    <ClCompile Include="..\devices\nld_74153.cpp">
      <Filter>Source Files</Filter>
    </ClCompile>
    <ClCompile Include="..\devices\nld_82S16.cpp">
      <Filter>Source Files</Filter>
    </ClCompile>
    <ClCompile Include="..\devices\nld_74123.cpp">
      <Filter>Source Files</Filter>
    </ClCompile>
    <ClCompile Include="..\devices\nld_74193.cpp">
      <Filter>Source Files</Filter>
    </ClCompile>
    <ClCompile Include="..\devices\nld_9322.cpp">
      <Filter>Source Files</Filter>
    </ClCompile>
    <ClCompile Include="..\devices\nld_ne555.cpp">
      <Filter>Source Files</Filter>
    </ClCompile>
    <ClCompile Include="..\devices\nld_7485.cpp">
      <Filter>Source Files</Filter>
    </ClCompile>
    <ClCompile Include="..\devices\nld_2716.cpp">
      <Filter>Source Files</Filter>
    </ClCompile>
    <ClCompile Include="..\devices\nld_tms4800.cpp">
      <Filter>Source Files</Filter>
    </ClCompile>
    <ClCompile Include="..\devices\nld_74166.cpp">
      <Filter>Source Files</Filter>
    </ClCompile>
    <ClCompile Include="..\devices\nld_74365.cpp">
      <Filter>Source Files</Filter>
    </ClCompile>
    <ClCompile Include="..\devices\nld_7473.cpp">
      <Filter>Source Files</Filter>
    </ClCompile>
    <ClCompile Include="..\devices\nld_4066.cpp">
      <Filter>Source Files</Filter>
    </ClCompile>
    <ClCompile Include="..\devices\nld_7490.cpp">
      <Filter>Source Files</Filter>
    </ClCompile>
    <ClCompile Include="..\devices\nld_74165.cpp">
      <Filter>Source Files</Filter>
    </ClCompile>
    <ClCompile Include="..\devices\nld_7493.cpp">
      <Filter>Source Files</Filter>
    </ClCompile>
    <ClCompile Include="..\devices\nld_74161.cpp">
      <Filter>Source Files</Filter>
    </ClCompile>
    <ClCompile Include="..\devices\nld_system.cpp">
      <Filter>Source Files</Filter>
    </ClCompile>
    <ClCompile Include="..\devices\nld_74192.cpp">
      <Filter>Source Files</Filter>
    </ClCompile>
    <ClCompile Include="..\devices\nld_9310.cpp">
      <Filter>Source Files</Filter>
    </ClCompile>
    <ClCompile Include="..\devices\nld_74174.cpp">
      <Filter>Source Files</Filter>
    </ClCompile>
    <ClCompile Include="..\devices\nld_2102A.cpp">
      <Filter>Source Files</Filter>
    </ClCompile>
    <ClCompile Include="..\devices\nld_4316.cpp">
      <Filter>Source Files</Filter>
    </ClCompile>
    <ClCompile Include="..\devices\nld_dm9314.cpp">
      <Filter>Source Files</Filter>
    </ClCompile>
    <ClCompile Include="..\devices\nld_dm9334.cpp">
      <Filter>Source Files</Filter>
    </ClCompile>
    <ClCompile Include="..\devices\nld_7474.cpp">
      <Filter>Source Files</Filter>
    </ClCompile>
    <ClCompile Include="..\devices\nld_82S126.cpp">
      <Filter>Source Files</Filter>
    </ClCompile>
    <ClCompile Include="..\devices\nlid_truthtable.cpp">
      <Filter>Source Files</Filter>
    </ClCompile>
    <ClCompile Include="..\devices\nld_tristate.cpp">
      <Filter>Source Files</Filter>
    </ClCompile>
    <ClCompile Include="..\devices\nld_82S123.cpp">
      <Filter>Source Files</Filter>
    </ClCompile>
    <ClCompile Include="..\devices\nld_legacy.cpp">
      <Filter>Source Files</Filter>
    </ClCompile>
    <ClCompile Include="..\devices\nld_7475.cpp">
      <Filter>Source Files</Filter>
    </ClCompile>
    <ClCompile Include="..\devices\nld_74164.cpp">
      <Filter>Source Files</Filter>
    </ClCompile>
    <ClCompile Include="..\plib\ppreprocessor.cpp">
      <Filter>Source Files</Filter>
    </ClCompile>
    <ClCompile Include="..\plib\ptokenizer.cpp">
      <Filter>Source Files</Filter>
    </ClCompile>
    <ClCompile Include="..\devices\nld_7497.cpp">
      <Filter>Source Files</Filter>
    </ClCompile>
    <ClCompile Include="..\devices\nld_schmitt.cpp">
      <Filter>Source Files</Filter>
    </ClCompile>
    <ClCompile Include="..\analog\nld_mosfet.cpp">
      <Filter>Source Files</Filter>
    </ClCompile>
  </ItemGroup>
  <ItemGroup>
    <ClInclude Include="..\nl_errstr.h">
      <Filter>Header Files</Filter>
    </ClInclude>
    <ClInclude Include="..\nl_dice_compat.h">
      <Filter>Header Files</Filter>
    </ClInclude>
    <ClInclude Include="..\nl_base.h">
      <Filter>Header Files</Filter>
    </ClInclude>
    <ClInclude Include="..\nl_parser.h">
      <Filter>Header Files</Filter>
    </ClInclude>
    <ClInclude Include="..\nl_factory.h">
      <Filter>Header Files</Filter>
    </ClInclude>
    <ClInclude Include="..\nl_setup.h">
      <Filter>Header Files</Filter>
    </ClInclude>
    <ClInclude Include="..\nl_config.h">
      <Filter>Header Files</Filter>
    </ClInclude>
    <ClInclude Include="..\nl_lists.h">
      <Filter>Header Files</Filter>
    </ClInclude>
    <ClInclude Include="..\plib\pexception.h">
      <Filter>Header Files</Filter>
    </ClInclude>
    <ClInclude Include="..\plib\putil.h">
      <Filter>Header Files</Filter>
    </ClInclude>
    <ClInclude Include="..\plib\pfunction.h">
      <Filter>Header Files</Filter>
    </ClInclude>
    <ClInclude Include="..\plib\pchrono.h">
      <Filter>Header Files</Filter>
    </ClInclude>
    <ClInclude Include="..\plib\palloc.h">
      <Filter>Header Files</Filter>
    </ClInclude>
    <ClInclude Include="..\plib\pstring.h">
      <Filter>Header Files</Filter>
    </ClInclude>
    <ClInclude Include="..\plib\pstate.h">
      <Filter>Header Files</Filter>
    </ClInclude>
    <ClInclude Include="..\plib\pdynlib.h">
      <Filter>Header Files</Filter>
    </ClInclude>
    <ClInclude Include="..\plib\poptions.h">
      <Filter>Header Files</Filter>
    </ClInclude>
    <ClInclude Include="..\plib\ptypes.h">
      <Filter>Header Files</Filter>
    </ClInclude>
    <ClInclude Include="..\plib\ppmf.h">
      <Filter>Header Files</Filter>
    </ClInclude>
    <ClInclude Include="..\plib\pfmtlog.h">
      <Filter>Header Files</Filter>
    </ClInclude>
    <ClInclude Include="..\plib\plists.h">
      <Filter>Header Files</Filter>
    </ClInclude>
    <ClInclude Include="..\plib\pstream.h">
      <Filter>Header Files</Filter>
    </ClInclude>
    <ClInclude Include="..\plib\pmain.h">
      <Filter>Header Files</Filter>
    </ClInclude>
    <ClInclude Include="..\plib\pparser.h">
      <Filter>Header Files</Filter>
    </ClInclude>
    <ClInclude Include="..\plib\pconfig.h">
      <Filter>Header Files</Filter>
    </ClInclude>
    <ClInclude Include="..\analog\nlid_fourterm.h">
      <Filter>Header Files</Filter>
    </ClInclude>
    <ClInclude Include="..\analog\nld_twoterm.h">
      <Filter>Header Files</Filter>
    </ClInclude>
    <ClInclude Include="..\analog\nld_bjt.h">
      <Filter>Header Files</Filter>
    </ClInclude>
    <ClInclude Include="..\analog\nld_fourterm.h">
      <Filter>Header Files</Filter>
    </ClInclude>
    <ClInclude Include="..\analog\nld_switches.h">
      <Filter>Header Files</Filter>
    </ClInclude>
    <ClInclude Include="..\analog\nld_opamps.h">
      <Filter>Header Files</Filter>
    </ClInclude>
    <ClInclude Include="..\analog\nlid_twoterm.h">
      <Filter>Header Files</Filter>
    </ClInclude>
    <ClInclude Include="..\solver\nld_matrix_solver.h">
      <Filter>Header Files</Filter>
    </ClInclude>
    <ClInclude Include="..\solver\nld_ms_direct1.h">
      <Filter>Header Files</Filter>
    </ClInclude>
    <ClInclude Include="..\solver\nld_ms_direct2.h">
      <Filter>Header Files</Filter>
    </ClInclude>
    <ClInclude Include="..\solver\vector_base.h">
      <Filter>Header Files</Filter>
    </ClInclude>
    <ClInclude Include="..\solver\nld_ms_sor_mat.h">
      <Filter>Header Files</Filter>
    </ClInclude>
    <ClInclude Include="..\solver\nld_ms_gcr.h">
      <Filter>Header Files</Filter>
    </ClInclude>
    <ClInclude Include="..\solver\nld_ms_sor.h">
      <Filter>Header Files</Filter>
    </ClInclude>
    <ClInclude Include="..\solver\nld_ms_w.h">
      <Filter>Header Files</Filter>
    </ClInclude>
    <ClInclude Include="..\solver\nld_ms_sm.h">
      <Filter>Header Files</Filter>
    </ClInclude>
    <ClInclude Include="..\solver\nld_ms_gmres.h">
      <Filter>Header Files</Filter>
    </ClInclude>
    <ClInclude Include="..\solver\nld_ms_direct.h">
      <Filter>Header Files</Filter>
    </ClInclude>
    <ClInclude Include="..\solver\nld_ms_direct_lu.h">
      <Filter>Header Files</Filter>
    </ClInclude>
    <ClInclude Include="..\solver\nld_solver.h">
      <Filter>Header Files</Filter>
    </ClInclude>
    <ClInclude Include="..\tools\nl_convert.h">
      <Filter>Header Files</Filter>
    </ClInclude>
    <ClInclude Include="..\macro\nlm_ttl74xx.h">
      <Filter>Header Files</Filter>
    </ClInclude>
    <ClInclude Include="..\macro\nlm_opamp.h">
      <Filter>Header Files</Filter>
    </ClInclude>
    <ClInclude Include="..\macro\nlm_other.h">
      <Filter>Header Files</Filter>
    </ClInclude>
    <ClInclude Include="..\macro\nlm_base.h">
      <Filter>Header Files</Filter>
    </ClInclude>
    <ClInclude Include="..\macro\nlm_cd4xxx.h">
      <Filter>Header Files</Filter>
    </ClInclude>
    <ClInclude Include="..\documentation\structure.dox.h">
      <Filter>Header Files</Filter>
    </ClInclude>
    <ClInclude Include="..\documentation\primer_1.dox.h">
      <Filter>Header Files</Filter>
    </ClInclude>
    <ClInclude Include="..\devices\nld_2102A.h">
      <Filter>Header Files</Filter>
    </ClInclude>
    <ClInclude Include="..\devices\nlid_system.h">
      <Filter>Header Files</Filter>
    </ClInclude>
    <ClInclude Include="..\devices\nld_r2r_dac.h">
      <Filter>Header Files</Filter>
    </ClInclude>
    <ClInclude Include="..\devices\nld_74193.h">
      <Filter>Header Files</Filter>
    </ClInclude>
    <ClInclude Include="..\devices\nlid_proxy.h">
      <Filter>Header Files</Filter>
    </ClInclude>
    <ClInclude Include="..\devices\nld_log.h">
      <Filter>Header Files</Filter>
    </ClInclude>
    <ClInclude Include="..\devices\nld_2716.h">
      <Filter>Header Files</Filter>
    </ClInclude>
    <ClInclude Include="..\devices\nld_tms4800.h">
      <Filter>Header Files</Filter>
    </ClInclude>
    <ClInclude Include="..\devices\nld_am2847.h">
      <Filter>Header Files</Filter>
    </ClInclude>
    <ClInclude Include="..\devices\nld_74174.h">
      <Filter>Header Files</Filter>
    </ClInclude>
    <ClInclude Include="..\devices\nld_7448.h">
      <Filter>Header Files</Filter>
    </ClInclude>
    <ClInclude Include="..\devices\nld_74192.h">
      <Filter>Header Files</Filter>
    </ClInclude>
    <ClInclude Include="..\devices\nld_9310.h">
      <Filter>Header Files</Filter>
    </ClInclude>
    <ClInclude Include="..\devices\nld_4066.h">
      <Filter>Header Files</Filter>
    </ClInclude>
    <ClInclude Include="..\devices\nlid_cmos.h">
      <Filter>Header Files</Filter>
    </ClInclude>
    <ClInclude Include="..\devices\nld_4020.h">
      <Filter>Header Files</Filter>
    </ClInclude>
    <ClInclude Include="..\devices\nld_7474.h">
      <Filter>Header Files</Filter>
    </ClInclude>
    <ClInclude Include="..\devices\nld_74194.h">
      <Filter>Header Files</Filter>
    </ClInclude>
    <ClInclude Include="..\devices\nld_dm9314.h">
      <Filter>Header Files</Filter>
    </ClInclude>
    <ClInclude Include="..\devices\nld_dm9334.h">
      <Filter>Header Files</Filter>
    </ClInclude>
    <ClInclude Include="..\devices\nld_tristate.h">
      <Filter>Header Files</Filter>
    </ClInclude>
    <ClInclude Include="..\devices\nld_7450.h">
      <Filter>Header Files</Filter>
    </ClInclude>
    <ClInclude Include="..\devices\net_lib.h">
      <Filter>Header Files</Filter>
    </ClInclude>
    <ClInclude Include="..\devices\nld_7473.h">
      <Filter>Header Files</Filter>
    </ClInclude>
    <ClInclude Include="..\devices\nld_74161.h">
      <Filter>Header Files</Filter>
    </ClInclude>
    <ClInclude Include="..\devices\nld_82S115.h">
      <Filter>Header Files</Filter>
    </ClInclude>
    <ClInclude Include="..\devices\nlid_truthtable.h">
      <Filter>Header Files</Filter>
    </ClInclude>
    <ClInclude Include="..\devices\nld_9316.h">
      <Filter>Header Files</Filter>
    </ClInclude>
    <ClInclude Include="..\devices\nld_7485.h">
      <Filter>Header Files</Filter>
    </ClInclude>
    <ClInclude Include="..\devices\nld_74166.h">
      <Filter>Header Files</Filter>
    </ClInclude>
    <ClInclude Include="..\devices\nld_devinc.h">
      <Filter>Header Files</Filter>
    </ClInclude>
    <ClInclude Include="..\devices\nld_74165.h">
      <Filter>Header Files</Filter>
    </ClInclude>
    <ClInclude Include="..\devices\nld_82S126.h">
      <Filter>Header Files</Filter>
    </ClInclude>
    <ClInclude Include="..\devices\nld_system.h">
      <Filter>Header Files</Filter>
    </ClInclude>
    <ClInclude Include="..\devices\nld_74ls629.h">
      <Filter>Header Files</Filter>
    </ClInclude>
    <ClInclude Include="..\devices\nld_74365.h">
      <Filter>Header Files</Filter>
    </ClInclude>
    <ClInclude Include="..\devices\nld_7475.h">
      <Filter>Header Files</Filter>
    </ClInclude>
    <ClInclude Include="..\devices\nld_7483.h">
      <Filter>Header Files</Filter>
    </ClInclude>
    <ClInclude Include="..\devices\nld_74123.h">
      <Filter>Header Files</Filter>
    </ClInclude>
    <ClInclude Include="..\devices\nld_mm5837.h">
      <Filter>Header Files</Filter>
    </ClInclude>
    <ClInclude Include="..\devices\nld_4316.h">
      <Filter>Header Files</Filter>
    </ClInclude>
    <ClInclude Include="..\devices\nld_82S123.h">
      <Filter>Header Files</Filter>
    </ClInclude>
    <ClInclude Include="..\devices\nld_74153.h">
      <Filter>Header Files</Filter>
    </ClInclude>
    <ClInclude Include="..\devices\nld_7493.h">
      <Filter>Header Files</Filter>
    </ClInclude>
    <ClInclude Include="..\devices\nld_legacy.h">
      <Filter>Header Files</Filter>
    </ClInclude>
    <ClInclude Include="..\devices\nld_74107.h">
      <Filter>Header Files</Filter>
    </ClInclude>
    <ClInclude Include="..\devices\nld_ne555.h">
      <Filter>Header Files</Filter>
    </ClInclude>
    <ClInclude Include="..\devices\nld_9322.h">
      <Filter>Header Files</Filter>
    </ClInclude>
    <ClInclude Include="..\devices\nld_7490.h">
      <Filter>Header Files</Filter>
    </ClInclude>
    <ClInclude Include="..\devices\nld_82S16.h">
      <Filter>Header Files</Filter>
    </ClInclude>
    <ClInclude Include="..\devices\nld_74175.h">
      <Filter>Header Files</Filter>
    </ClInclude>
    <ClInclude Include="..\devices\nld_74164.h">
      <Filter>Header Files</Filter>
    </ClInclude>
    <ClInclude Include="..\plib\gmres.h">
      <Filter>Header Files</Filter>
    </ClInclude>
    <ClInclude Include="..\plib\mat_cr.h">
      <Filter>Header Files</Filter>
    </ClInclude>
    <ClInclude Include="..\plib\parray.h">
      <Filter>Header Files</Filter>
    </ClInclude>
    <ClInclude Include="..\plib\pmath.h">
      <Filter>Header Files</Filter>
    </ClInclude>
    <ClInclude Include="..\plib\pmatrix2d.h">
      <Filter>Header Files</Filter>
    </ClInclude>
    <ClInclude Include="..\plib\pmempool.h">
      <Filter>Header Files</Filter>
    </ClInclude>
    <ClInclude Include="..\plib\pomp.h">
      <Filter>Header Files</Filter>
    </ClInclude>
    <ClInclude Include="..\plib\ppreprocessor.h">
      <Filter>Header Files</Filter>
    </ClInclude>
    <ClInclude Include="..\plib\pstonum.h">
      <Filter>Header Files</Filter>
    </ClInclude>
    <ClInclude Include="..\plib\pstrutil.h">
      <Filter>Header Files</Filter>
    </ClInclude>
    <ClInclude Include="..\plib\ptime.h">
      <Filter>Header Files</Filter>
    </ClInclude>
    <ClInclude Include="..\plib\ptokenizer.h">
      <Filter>Header Files</Filter>
    </ClInclude>
    <ClInclude Include="..\plib\vector_ops.h">
      <Filter>Header Files</Filter>
    </ClInclude>
    <ClInclude Include="..\devices\nld_7497.h">
      <Filter>Source Files</Filter>
    </ClInclude>
    <ClInclude Include="..\devices\nld_schmitt.h">
      <Filter>Source Files</Filter>
    </ClInclude>
    <ClInclude Include="..\analog\nld_generic_models.h">
      <Filter>Source Files</Filter>
    </ClInclude>
    <ClInclude Include="..\analog\nld_mosfet.h">
      <Filter>Source Files</Filter>
    </ClInclude>
  </ItemGroup>
</Project>